
Microsoft Visual Studio Solution File, Format Version 12.00
# Visual Studio Version 17
VisualStudioVersion = 17.9.34902.65
MinimumVisualStudioVersion = 10.0.40219.1
Project("{FAE04EC0-301F-11D3-BF4B-00C04F79EFBC}") = "Mitarbeiterverwaltung", "Mitarbeiterverwaltung.csproj", "{2C7E9834-0D81-4FCF-BC7B-BC91DADFF8B0}"
EndProject
Global
	GlobalSection(SolutionConfigurationPlatforms) = preSolution
		Debug|Any CPU = Debug|Any CPU
		Release|Any CPU = Release|Any CPU
	EndGlobalSection
	GlobalSection(ProjectConfigurationPlatforms) = postSolution
		{2C7E9834-0D81-4FCF-BC7B-BC91DADFF8B0}.Debug|Any CPU.ActiveCfg = Debug|Any CPU
		{2C7E9834-0D81-4FCF-BC7B-BC91DADFF8B0}.Debug|Any CPU.Build.0 = Debug|Any CPU
		{2C7E9834-0D81-4FCF-BC7B-BC91DADFF8B0}.Release|Any CPU.ActiveCfg = Release|Any CPU
		{2C7E9834-0D81-4FCF-BC7B-BC91DADFF8B0}.Release|Any CPU.Build.0 = Release|Any CPU
	EndGlobalSection
	GlobalSection(SolutionProperties) = preSolution
		HideSolutionNode = FALSE
	EndGlobalSection
	GlobalSection(ExtensibilityGlobals) = postSolution
		SolutionGuid = {0BC52203-EC6C-4494-91DB-30A65DF0385B}
	EndGlobalSection
EndGlobal
